// !$*UTF8*$!
{
	archiveVersion = 1;
	classes = {
	};
	objectVersion = 46;
	objects = {

/* Begin PBXBuildFile section */
		BE3D0C111AE071B100636FEF /* NSDate+AZDateBuilder.m in Sources */ = {isa = PBXBuildFile; fileRef = BE3D0C101AE071B100636FEF /* NSDate+AZDateBuilder.m */; };
		DE3BE56D1A5EC34400C49B3C /* DeviseSize.m in Sources */ = {isa = PBXBuildFile; fileRef = DE3BE56C1A5EC34400C49B3C /* DeviseSize.m */; };
		DEA20B731A08354C002FA862 /* main.m in Sources */ = {isa = PBXBuildFile; fileRef = DEA20B721A08354C002FA862 /* main.m */; };
		DEA20B761A08354C002FA862 /* AppDelegate.m in Sources */ = {isa = PBXBuildFile; fileRef = DEA20B751A08354C002FA862 /* AppDelegate.m */; };
		DEA20B791A08354C002FA862 /* ViewController.m in Sources */ = {isa = PBXBuildFile; fileRef = DEA20B781A08354C002FA862 /* ViewController.m */; };
		DEA20B7C1A08354C002FA862 /* Main.storyboard in Resources */ = {isa = PBXBuildFile; fileRef = DEA20B7A1A08354C002FA862 /* Main.storyboard */; };
		DEA20B7E1A08354C002FA862 /* Images.xcassets in Resources */ = {isa = PBXBuildFile; fileRef = DEA20B7D1A08354C002FA862 /* Images.xcassets */; };
		DEA20B811A08354C002FA862 /* LaunchScreen.xib in Resources */ = {isa = PBXBuildFile; fileRef = DEA20B7F1A08354C002FA862 /* LaunchScreen.xib */; };
		DEA20B8D1A08354C002FA862 /* handmadeCalenderSampleOfObjectiveCTests.m in Sources */ = {isa = PBXBuildFile; fileRef = DEA20B8C1A08354C002FA862 /* handmadeCalenderSampleOfObjectiveCTests.m */; };
/* End PBXBuildFile section */

/* Begin PBXContainerItemProxy section */
		DEA20B871A08354C002FA862 /* PBXContainerItemProxy */ = {
			isa = PBXContainerItemProxy;
			containerPortal = DEA20B651A08354C002FA862 /* Project object */;
			proxyType = 1;
			remoteGlobalIDString = DEA20B6C1A08354C002FA862;
			remoteInfo = handmadeCalenderSampleOfObjectiveC;
		};
/* End PBXContainerItemProxy section */

/* Begin PBXFileReference section */
		BE3D0C0F1AE071B100636FEF /* NSDate+AZDateBuilder.h */ = {isa = PBXFileReference; fileEncoding = 4; lastKnownFileType = sourcecode.c.h; path = "NSDate+AZDateBuilder.h"; sourceTree = "<group>"; };
		BE3D0C101AE071B100636FEF /* NSDate+AZDateBuilder.m */ = {isa = PBXFileReference; fileEncoding = 4; lastKnownFileType = sourcecode.c.objc; path = "NSDate+AZDateBuilder.m"; sourceTree = "<group>"; };
		DE3BE56B1A5EC34400C49B3C /* DeviseSize.h */ = {isa = PBXFileReference; fileEncoding = 4; lastKnownFileType = sourcecode.c.h; path = DeviseSize.h; sourceTree = "<group>"; };
		DE3BE56C1A5EC34400C49B3C /* DeviseSize.m */ = {isa = PBXFileReference; fileEncoding = 4; lastKnownFileType = sourcecode.c.objc; path = DeviseSize.m; sourceTree = "<group>"; };
		DEA20B6D1A08354C002FA862 /* handmadeCalenderSampleOfObjectiveC.app */ = {isa = PBXFileReference; explicitFileType = wrapper.application; includeInIndex = 0; path = handmadeCalenderSampleOfObjectiveC.app; sourceTree = BUILT_PRODUCTS_DIR; };
		DEA20B711A08354C002FA862 /* Info.plist */ = {isa = PBXFileReference; lastKnownFileType = text.plist.xml; path = Info.plist; sourceTree = "<group>"; };
		DEA20B721A08354C002FA862 /* main.m */ = {isa = PBXFileReference; lastKnownFileType = sourcecode.c.objc; path = main.m; sourceTree = "<group>"; };
		DEA20B741A08354C002FA862 /* AppDelegate.h */ = {isa = PBXFileReference; lastKnownFileType = sourcecode.c.h; path = AppDelegate.h; sourceTree = "<group>"; };
		DEA20B751A08354C002FA862 /* AppDelegate.m */ = {isa = PBXFileReference; lastKnownFileType = sourcecode.c.objc; path = AppDelegate.m; sourceTree = "<group>"; };
		DEA20B771A08354C002FA862 /* ViewController.h */ = {isa = PBXFileReference; lastKnownFileType = sourcecode.c.h; path = ViewController.h; sourceTree = "<group>"; };
		DEA20B781A08354C002FA862 /* ViewController.m */ = {isa = PBXFileReference; lastKnownFileType = sourcecode.c.objc; path = ViewController.m; sourceTree = "<group>"; };
		DEA20B7B1A08354C002FA862 /* Base */ = {isa = PBXFileReference; lastKnownFileType = file.storyboard; name = Base; path = Base.lproj/Main.storyboard; sourceTree = "<group>"; };
		DEA20B7D1A08354C002FA862 /* Images.xcassets */ = {isa = PBXFileReference; lastKnownFileType = folder.assetcatalog; path = Images.xcassets; sourceTree = "<group>"; };
		DEA20B801A08354C002FA862 /* Base */ = {isa = PBXFileReference; lastKnownFileType = file.xib; name = Base; path = Base.lproj/LaunchScreen.xib; sourceTree = "<group>"; };
		DEA20B861A08354C002FA862 /* handmadeCalenderSampleOfObjectiveCTests.xctest */ = {isa = PBXFileReference; explicitFileType = wrapper.cfbundle; includeInIndex = 0; path = handmadeCalenderSampleOfObjectiveCTests.xctest; sourceTree = BUILT_PRODUCTS_DIR; };
		DEA20B8B1A08354C002FA862 /* Info.plist */ = {isa = PBXFileReference; lastKnownFileType = text.plist.xml; path = Info.plist; sourceTree = "<group>"; };
		DEA20B8C1A08354C002FA862 /* handmadeCalenderSampleOfObjectiveCTests.m */ = {isa = PBXFileReference; lastKnownFileType = sourcecode.c.objc; path = handmadeCalenderSampleOfObjectiveCTests.m; sourceTree = "<group>"; };
/* End PBXFileReference section */

/* Begin PBXFrameworksBuildPhase section */
		DEA20B6A1A08354C002FA862 /* Frameworks */ = {
			isa = PBXFrameworksBuildPhase;
			buildActionMask = 2147483647;
			files = (
			);
			runOnlyForDeploymentPostprocessing = 0;
		};
		DEA20B831A08354C002FA862 /* Frameworks */ = {
			isa = PBXFrameworksBuildPhase;
			buildActionMask = 2147483647;
			files = (
			);
			runOnlyForDeploymentPostprocessing = 0;
		};
/* End PBXFrameworksBuildPhase section */

/* Begin PBXGroup section */
		BE3D0C0E1AE071B100636FEF /* Lib */ = {
			isa = PBXGroup;
			children = (
				BE3D0C0F1AE071B100636FEF /* NSDate+AZDateBuilder.h */,
				BE3D0C101AE071B100636FEF /* NSDate+AZDateBuilder.m */,
			);
			path = Lib;
			sourceTree = "<group>";
		};
		DEA20B641A08354C002FA862 = {
			isa = PBXGroup;
			children = (
				DEA20B6F1A08354C002FA862 /* handmadeCalenderSampleOfObjectiveC */,
				DEA20B891A08354C002FA862 /* handmadeCalenderSampleOfObjectiveCTests */,
				DEA20B6E1A08354C002FA862 /* Products */,
			);
			sourceTree = "<group>";
		};
		DEA20B6E1A08354C002FA862 /* Products */ = {
			isa = PBXGroup;
			children = (
				DEA20B6D1A08354C002FA862 /* handmadeCalenderSampleOfObjectiveC.app */,
				DEA20B861A08354C002FA862 /* handmadeCalenderSampleOfObjectiveCTests.xctest */,
			);
			name = Products;
			sourceTree = "<group>";
		};
		DEA20B6F1A08354C002FA862 /* handmadeCalenderSampleOfObjectiveC */ = {
			isa = PBXGroup;
			children = (
				DEA20B741A08354C002FA862 /* AppDelegate.h */,
				DEA20B751A08354C002FA862 /* AppDelegate.m */,
				DE3BE56B1A5EC34400C49B3C /* DeviseSize.h */,
				DE3BE56C1A5EC34400C49B3C /* DeviseSize.m */,
				DEA20B771A08354C002FA862 /* ViewController.h */,
				DEA20B781A08354C002FA862 /* ViewController.m */,
				DEA20B7A1A08354C002FA862 /* Main.storyboard */,
				DEA20B7D1A08354C002FA862 /* Images.xcassets */,
				DEA20B7F1A08354C002FA862 /* LaunchScreen.xib */,
				DEA20B701A08354C002FA862 /* Supporting Files */,
			);
			path = handmadeCalenderSampleOfObjectiveC;
			sourceTree = "<group>";
		};
		DEA20B701A08354C002FA862 /* Supporting Files */ = {
			isa = PBXGroup;
			children = (
				DEA20B711A08354C002FA862 /* Info.plist */,
				DEA20B721A08354C002FA862 /* main.m */,
			);
			name = "Supporting Files";
			sourceTree = "<group>";
		};
		DEA20B891A08354C002FA862 /* handmadeCalenderSampleOfObjectiveCTests */ = {
			isa = PBXGroup;
			children = (
				BE3D0C0E1AE071B100636FEF /* Lib */,
				DEA20B8C1A08354C002FA862 /* handmadeCalenderSampleOfObjectiveCTests.m */,
				DEA20B8A1A08354C002FA862 /* Supporting Files */,
			);
			path = handmadeCalenderSampleOfObjectiveCTests;
			sourceTree = "<group>";
		};
		DEA20B8A1A08354C002FA862 /* Supporting Files */ = {
			isa = PBXGroup;
			children = (
				DEA20B8B1A08354C002FA862 /* Info.plist */,
			);
			name = "Supporting Files";
			sourceTree = "<group>";
		};
/* End PBXGroup section */

/* Begin PBXNativeTarget section */
		DEA20B6C1A08354C002FA862 /* handmadeCalenderSampleOfObjectiveC */ = {
			isa = PBXNativeTarget;
			buildConfigurationList = DEA20B901A08354C002FA862 /* Build configuration list for PBXNativeTarget "handmadeCalenderSampleOfObjectiveC" */;
			buildPhases = (
				DEA20B691A08354C002FA862 /* Sources */,
				DEA20B6A1A08354C002FA862 /* Frameworks */,
				DEA20B6B1A08354C002FA862 /* Resources */,
			);
			buildRules = (
			);
			dependencies = (
			);
			name = handmadeCalenderSampleOfObjectiveC;
			productName = handmadeCalenderSampleOfObjectiveC;
			productReference = DEA20B6D1A08354C002FA862 /* handmadeCalenderSampleOfObjectiveC.app */;
			productType = "com.apple.product-type.application";
		};
		DEA20B851A08354C002FA862 /* handmadeCalenderSampleOfObjectiveCTests */ = {
			isa = PBXNativeTarget;
			buildConfigurationList = DEA20B931A08354C002FA862 /* Build configuration list for PBXNativeTarget "handmadeCalenderSampleOfObjectiveCTests" */;
			buildPhases = (
				DEA20B821A08354C002FA862 /* Sources */,
				DEA20B831A08354C002FA862 /* Frameworks */,
				DEA20B841A08354C002FA862 /* Resources */,
			);
			buildRules = (
			);
			dependencies = (
				DEA20B881A08354C002FA862 /* PBXTargetDependency */,
			);
			name = handmadeCalenderSampleOfObjectiveCTests;
			productName = handmadeCalenderSampleOfObjectiveCTests;
			productReference = DEA20B861A08354C002FA862 /* handmadeCalenderSampleOfObjectiveCTests.xctest */;
			productType = "com.apple.product-type.bundle.unit-test";
		};
/* End PBXNativeTarget section */

/* Begin PBXProject section */
		DEA20B651A08354C002FA862 /* Project object */ = {
			isa = PBXProject;
			attributes = {
				LastUpgradeCheck = 0610;
				ORGANIZATIONNAME = just1factory;
				TargetAttributes = {
					DEA20B6C1A08354C002FA862 = {
						CreatedOnToolsVersion = 6.1;
					};
					DEA20B851A08354C002FA862 = {
						CreatedOnToolsVersion = 6.1;
						TestTargetID = DEA20B6C1A08354C002FA862;
					};
				};
			};
			buildConfigurationList = DEA20B681A08354C002FA862 /* Build configuration list for PBXProject "handmadeCalenderSampleOfObjectiveC" */;
			compatibilityVersion = "Xcode 3.2";
			developmentRegion = English;
			hasScannedForEncodings = 0;
			knownRegions = (
				en,
				Base,
			);
			mainGroup = DEA20B641A08354C002FA862;
			productRefGroup = DEA20B6E1A08354C002FA862 /* Products */;
			projectDirPath = "";
			projectRoot = "";
			targets = (
				DEA20B6C1A08354C002FA862 /* handmadeCalenderSampleOfObjectiveC */,
				DEA20B851A08354C002FA862 /* handmadeCalenderSampleOfObjectiveCTests */,
			);
		};
/* End PBXProject section */

/* Begin PBXResourcesBuildPhase section */
		DEA20B6B1A08354C002FA862 /* Resources */ = {
			isa = PBXResourcesBuildPhase;
			buildActionMask = 2147483647;
			files = (
				DEA20B7C1A08354C002FA862 /* Main.storyboard in Resources */,
				DEA20B811A08354C002FA862 /* LaunchScreen.xib in Resources */,
				DEA20B7E1A08354C002FA862 /* Images.xcassets in Resources */,
			);
			runOnlyForDeploymentPostprocessing = 0;
		};
		DEA20B841A08354C002FA862 /* Resources */ = {
			isa = PBXResourcesBuildPhase;
			buildActionMask = 2147483647;
			files = (
			);
			runOnlyForDeploymentPostprocessing = 0;
		};
/* End PBXResourcesBuildPhase section */

/* Begin PBXSourcesBuildPhase section */
		DEA20B691A08354C002FA862 /* Sources */ = {
			isa = PBXSourcesBuildPhase;
			buildActionMask = 2147483647;
			files = (
				DEA20B791A08354C002FA862 /* ViewController.m in Sources */,
				DEA20B761A08354C002FA862 /* AppDelegate.m in Sources */,
				DE3BE56D1A5EC34400C49B3C /* DeviseSize.m in Sources */,
				DEA20B731A08354C002FA862 /* main.m in Sources */,
			);
			runOnlyForDeploymentPostprocessing = 0;
		};
		DEA20B821A08354C002FA862 /* Sources */ = {
			isa = PBXSourcesBuildPhase;
			buildActionMask = 2147483647;
			files = (
				DEA20B8D1A08354C002FA862 /* handmadeCalenderSampleOfObjectiveCTests.m in Sources */,
				BE3D0C111AE071B100636FEF /* NSDate+AZDateBuilder.m in Sources */,
			);
			runOnlyForDeploymentPostprocessing = 0;
		};
/* End PBXSourcesBuildPhase section */

/* Begin PBXTargetDependency section */
		DEA20B881A08354C002FA862 /* PBXTargetDependency */ = {
			isa = PBXTargetDependency;
			target = DEA20B6C1A08354C002FA862 /* handmadeCalenderSampleOfObjectiveC */;
			targetProxy = DEA20B871A08354C002FA862 /* PBXContainerItemProxy */;
		};
/* End PBXTargetDependency section */

/* Begin PBXVariantGroup section */
		DEA20B7A1A08354C002FA862 /* Main.storyboard */ = {
			isa = PBXVariantGroup;
			children = (
				DEA20B7B1A08354C002FA862 /* Base */,
			);
			name = Main.storyboard;
			sourceTree = "<group>";
		};
		DEA20B7F1A08354C002FA862 /* LaunchScreen.xib */ = {
			isa = PBXVariantGroup;
			children = (
				DEA20B801A08354C002FA862 /* Base */,
			);
			name = LaunchScreen.xib;
			sourceTree = "<group>";
		};
/* End PBXVariantGroup section */

/* Begin XCBuildConfiguration section */
		DEA20B8E1A08354C002FA862 /* Debug */ = {
			isa = XCBuildConfiguration;
			buildSettings = {
				ALWAYS_SEARCH_USER_PATHS = NO;
				CLANG_CXX_LANGUAGE_STANDARD = "gnu++0x";
				CLANG_CXX_LIBRARY = "libc++";
				CLANG_ENABLE_MODULES = YES;
				CLANG_ENABLE_OBJC_ARC = YES;
				CLANG_WARN_BOOL_CONVERSION = YES;
				CLANG_WARN_CONSTANT_CONVERSION = YES;
				CLANG_WARN_DIRECT_OBJC_ISA_USAGE = YES_ERROR;
				CLANG_WARN_EMPTY_BODY = YES;
				CLANG_WARN_ENUM_CONVERSION = YES;
				CLANG_WARN_INT_CONVERSION = YES;
				CLANG_WARN_OBJC_ROOT_CLASS = YES_ERROR;
				CLANG_WARN_UNREACHABLE_CODE = YES;
				CLANG_WARN__DUPLICATE_METHOD_MATCH = YES;
				"CODE_SIGN_IDENTITY[sdk=iphoneos*]" = "iPhone Developer";
				COPY_PHASE_STRIP = NO;
				ENABLE_STRICT_OBJC_MSGSEND = YES;
				GCC_C_LANGUAGE_STANDARD = gnu99;
				GCC_DYNAMIC_NO_PIC = NO;
				GCC_OPTIMIZATION_LEVEL = 0;
				GCC_PREPROCESSOR_DEFINITIONS = (
					"DEBUG=1",
					"$(inherited)",
				);
				GCC_SYMBOLS_PRIVATE_EXTERN = NO;
				GCC_WARN_64_TO_32_BIT_CONVERSION = YES;
				GCC_WARN_ABOUT_RETURN_TYPE = YES_ERROR;
				GCC_WARN_UNDECLARED_SELECTOR = YES;
				GCC_WARN_UNINITIALIZED_AUTOS = YES_AGGRESSIVE;
				GCC_WARN_UNUSED_FUNCTION = YES;
				GCC_WARN_UNUSED_VARIABLE = YES;
				IPHONEOS_DEPLOYMENT_TARGET = 8.1;
				MTL_ENABLE_DEBUG_INFO = YES;
				ONLY_ACTIVE_ARCH = YES;
				SDKROOT = iphoneos;
			};
			name = Debug;
		};
		DEA20B8F1A08354C002FA862 /* Release */ = {
			isa = XCBuildConfiguration;
			buildSettings = {
				ALWAYS_SEARCH_USER_PATHS = NO;
				CLANG_CXX_LANGUAGE_STANDARD = "gnu++0x";
				CLANG_CXX_LIBRARY = "libc++";
				CLANG_ENABLE_MODULES = YES;
				CLANG_ENABLE_OBJC_ARC = YES;
				CLANG_WARN_BOOL_CONVERSION = YES;
				CLANG_WARN_CONSTANT_CONVERSION = YES;
				CLANG_WARN_DIRECT_OBJC_ISA_USAGE = YES_ERROR;
				CLANG_WARN_EMPTY_BODY = YES;
				CLANG_WARN_ENUM_CONVERSION = YES;
				CLANG_WARN_INT_CONVERSION = YES;
				CLANG_WARN_OBJC_ROOT_CLASS = YES_ERROR;
				CLANG_WARN_UNREACHABLE_CODE = YES;
				CLANG_WARN__DUPLICATE_METHOD_MATCH = YES;
				"CODE_SIGN_IDENTITY[sdk=iphoneos*]" = "iPhone Developer";
				COPY_PHASE_STRIP = YES;
				ENABLE_NS_ASSERTIONS = NO;
				ENABLE_STRICT_OBJC_MSGSEND = YES;
				GCC_C_LANGUAGE_STANDARD = gnu99;
				GCC_WARN_64_TO_32_BIT_CONVERSION = YES;
				GCC_WARN_ABOUT_RETURN_TYPE = YES_ERROR;
				GCC_WARN_UNDECLARED_SELECTOR = YES;
				GCC_WARN_UNINITIALIZED_AUTOS = YES_AGGRESSIVE;
				GCC_WARN_UNUSED_FUNCTION = YES;
				GCC_WARN_UNUSED_VARIABLE = YES;
				IPHONEOS_DEPLOYMENT_TARGET = 8.1;
				MTL_ENABLE_DEBUG_INFO = NO;
				SDKROOT = iphoneos;
				VALIDATE_PRODUCT = YES;
			};
			name = Release;
		};
		DEA20B911A08354C002FA862 /* Debug */ = {
			isa = XCBuildConfiguration;
			buildSettings = {
				ASSETCATALOG_COMPILER_APPICON_NAME = AppIcon;
				INFOPLIST_FILE = handmadeCalenderSampleOfObjectiveC/Info.plist;
				LD_RUNPATH_SEARCH_PATHS = "$(inherited) @executable_path/Frameworks";
				PRODUCT_NAME = "$(TARGET_NAME)";
			};
			name = Debug;
		};
		DEA20B921A08354C002FA862 /* Release */ = {
			isa = XCBuildConfiguration;
			buildSettings = {
				ASSETCATALOG_COMPILER_APPICON_NAME = AppIcon;
				INFOPLIST_FILE = handmadeCalenderSampleOfObjectiveC/Info.plist;
				LD_RUNPATH_SEARCH_PATHS = "$(inherited) @executable_path/Frameworks";
				PRODUCT_NAME = "$(TARGET_NAME)";
			};
			name = Release;
		};
		DEA20B941A08354C002FA862 /* Debug */ = {
			isa = XCBuildConfiguration;
			buildSettings = {
				BUNDLE_LOADER = "$(TEST_HOST)";
				FRAMEWORK_SEARCH_PATHS = (
					"$(SDKROOT)/Developer/Library/Frameworks",
					"$(inherited)",
				);
				GCC_PREPROCESSOR_DEFINITIONS = (
					"DEBUG=1",
					"$(inherited)",
				);
				INFOPLIST_FILE = handmadeCalenderSampleOfObjectiveCTests/Info.plist;
				LD_RUNPATH_SEARCH_PATHS = "$(inherited) @executable_path/Frameworks @loader_path/Frameworks";
				PRODUCT_NAME = "$(TARGET_NAME)";
				TEST_HOST = "$(BUILT_PRODUCTS_DIR)/handmadeCalenderSampleOfObjectiveC.app/handmadeCalenderSampleOfObjectiveC";
			};
			name = Debug;
		};
		DEA20B951A08354C002FA862 /* Release */ = {
			isa = XCBuildConfiguration;
			buildSettings = {
				BUNDLE_LOADER = "$(TEST_HOST)";
				FRAMEWORK_SEARCH_PATHS = (
					"$(SDKROOT)/Developer/Library/Frameworks",
					"$(inherited)",
				);
				INFOPLIST_FILE = handmadeCalenderSampleOfObjectiveCTests/Info.plist;
				LD_RUNPATH_SEARCH_PATHS = "$(inherited) @executable_path/Frameworks @loader_path/Frameworks";
				PRODUCT_NAME = "$(TARGET_NAME)";
				TEST_HOST = "$(BUILT_PRODUCTS_DIR)/handmadeCalenderSampleOfObjectiveC.app/handmadeCalenderSampleOfObjectiveC";
			};
			name = Release;
		};
/* End XCBuildConfiguration section */

/* Begin XCConfigurationList section */
		DEA20B681A08354C002FA862 /* Build configuration list for PBXProject "handmadeCalenderSampleOfObjectiveC" */ = {
			isa = XCConfigurationList;
			buildConfigurations = (
				DEA20B8E1A08354C002FA862 /* Debug */,
				DEA20B8F1A08354C002FA862 /* Release */,
			);
			defaultConfigurationIsVisible = 0;
			defaultConfigurationName = Release;
		};
		DEA20B901A08354C002FA862 /* Build configuration list for PBXNativeTarget "handmadeCalenderSampleOfObjectiveC" */ = {
			isa = XCConfigurationList;
			buildConfigurations = (
				DEA20B911A08354C002FA862 /* Debug */,
				DEA20B921A08354C002FA862 /* Release */,
			);
			defaultConfigurationIsVisible = 0;
			defaultConfigurationName = Release;
		};
		DEA20B931A08354C002FA862 /* Build configuration list for PBXNativeTarget "handmadeCalenderSampleOfObjectiveCTests" */ = {
			isa = XCConfigurationList;
			buildConfigurations = (
				DEA20B941A08354C002FA862 /* Debug */,
				DEA20B951A08354C002FA862 /* Release */,
			);
			defaultConfigurationIsVisible = 0;
			defaultConfigurationName = Release;
		};
/* End XCConfigurationList section */
	};
	rootObject = DEA20B651A08354C002FA862 /* Project object */;
}
